{
  "version": "5",
  "redirects": {
    "https://esm.sh/@supabase/functions-js@^2.1.5?target=denonext": "https://esm.sh/@supabase/functions-js@2.103.2?target=denonext",
    "https://esm.sh/@supabase/gotrue-js@^2.56.0?target=denonext": "https://esm.sh/@supabase/gotrue-js@2.103.2?target=denonext",
    "https://esm.sh/@supabase/node-fetch@^2.6.14?target=denonext": "https://esm.sh/@supabase/node-fetch@2.6.15?target=denonext",
    "https://esm.sh/@supabase/phoenix@^0.4.0?target=denonext": "https://esm.sh/@supabase/phoenix@0.4.0?target=denonext",
    "https://esm.sh/@supabase/postgrest-js@^1.8.5?target=denonext": "https://esm.sh/@supabase/postgrest-js@1.21.4?target=denonext",
    "https://esm.sh/@supabase/realtime-js@^2.8.4?target=denonext": "https://esm.sh/@supabase/realtime-js@2.103.2?target=denonext",
    "https://esm.sh/@supabase/storage-js@^2.5.4?target=denonext": "https://esm.sh/@supabase/storage-js@2.103.2?target=denonext",
    "https://esm.sh/iceberg-js@^0.8.1?target=denonext": "https://esm.sh/iceberg-js@0.8.1?target=denonext",
    "https://esm.sh/tr46@~0.0.3?target=denonext": "https://esm.sh/tr46@0.0.3?target=denonext",
    "https://esm.sh/webidl-conversions@^3.0.0?target=denonext": "https://esm.sh/webidl-conversions@3.0.1?target=denonext",
    "https://esm.sh/whatwg-url@^5.0.0?target=denonext": "https://esm.sh/whatwg-url@5.0.0?target=denonext"
  },
  "remote": {
    "https://esm.sh/@supabase/functions-js@2.103.2/denonext/functions-js.mjs": "c020f2488bec52923a9b827403dc5fb01e99909c60863e2450d610f68accf170",
    "https://esm.sh/@supabase/functions-js@2.103.2?target=denonext": "7ff0d8632e86df21bbc37e1a608f1ee77d3c754646161bc78c5a690a5c979e97",
    "https://esm.sh/@supabase/gotrue-js@2.103.2/denonext/gotrue-js.mjs": "a6a6460dd6eddff4e617980935c96659bd5cc13673b45f2111cba9bdbc9baa43",
    "https://esm.sh/@supabase/gotrue-js@2.103.2?target=denonext": "92f70ebd516fd15d42ae3ea2005e81c78dfac0eeff19e9f5842fea296ed71b44",
    "https://esm.sh/@supabase/node-fetch@2.6.15/denonext/node-fetch.mjs": "0bae9052231f4f6dbccc7234d05ea96923dbf967be12f402764580b6bf9f713d",
    "https://esm.sh/@supabase/node-fetch@2.6.15?target=denonext": "4d28c4ad97328403184353f68434f2b6973971507919e9150297413664919cf3",
    "https://esm.sh/@supabase/phoenix@0.4.0/denonext/phoenix.mjs": "d9187057b2e3276d1110b9d814f737d4f8eff7f8b2765c4aa6bf7c7c30d070c9",
    "https://esm.sh/@supabase/phoenix@0.4.0?target=denonext": "c1df3cfcdcf13e9cfddf86181efbdd8d4099b9a2682188b74106596277a69d16",
    "https://esm.sh/@supabase/postgrest-js@1.21.4/denonext/postgrest-js.mjs": "c3769b11ef02debc78ecf6ab4e152d3cf7dbd05bbbafeb72c160e76cc57cda3c",
    "https://esm.sh/@supabase/postgrest-js@1.21.4?target=denonext": "db2315bc0ff19690cd4239c5adb5f5787f5dea04955058ef1fca541d49555ed6",
    "https://esm.sh/@supabase/realtime-js@2.103.2/denonext/realtime-js.mjs": "dce82bd3e0a2317b19152bf2871d8c39b0c99edf830da96f79c39c610d1acacd",
    "https://esm.sh/@supabase/realtime-js@2.103.2?target=denonext": "15c154e23e1937e71444f28c2df3753b38e5366193983bb0ae5f9c0245ae6925",
    "https://esm.sh/@supabase/storage-js@2.103.2/denonext/storage-js.mjs": "7818321946600e79df3e5519b6ee082686a4c7c7a1bdc016bf7c24af43a37454",
    "https://esm.sh/@supabase/storage-js@2.103.2?target=denonext": "70eda11035fa653c72e115fc5446fb34401de135e2bcd86236ce12651655e41c",
    "https://esm.sh/@supabase/supabase-js@2.38.4": "039569070c2e83c292b347c39879a10e76aac6079c166f2e2677453a7799e933",
    "https://esm.sh/@supabase/supabase-js@2.38.4/denonext/supabase-js.mjs": "c9a6b6de54aa47e98b836b90dd0f7dd292afc990762b2c84e77aca92e94d05ba",
    "https://esm.sh/iceberg-js@0.8.1/denonext/iceberg-js.mjs": "d839d81a2e3966500ca2cdd0c1cb458e9608bacfc91f7bb67a69b2e878dcdb4f",
    "https://esm.sh/iceberg-js@0.8.1?target=denonext": "58c849d7fe2bf4eca4a84eb501e83c161a7d8c34ca1bec15a962b3bec3062633",
    "https://esm.sh/tr46@0.0.3/denonext/tr46.mjs": "5753ec0a99414f4055f0c1f97691100f13d88e48a8443b00aebb90a512785fa2",
    "https://esm.sh/tr46@0.0.3?target=denonext": "19cb9be0f0d418a0c3abb81f2df31f080e9540a04e43b0f699bce1149cba0cbb",
    "https://esm.sh/tslib@2.8.1/denonext/tslib.mjs": "c38da5dd6da6281964435002ce204cd586634fe3bdfb24a0ee116f48cf3292e9",
    "https://esm.sh/webidl-conversions@3.0.1/denonext/webidl-conversions.mjs": "238cd0743827707cbc1c2d7c2cf1027dbc536fb53ec9a3fde0ff8026a3ac5385",
    "https://esm.sh/webidl-conversions@3.0.1?target=denonext": "4e20318d50528084616c79d7b3f6e7f0fe7b6d09013bd01b3974d7448d767e29",
    "https://esm.sh/whatwg-url@5.0.0/denonext/whatwg-url.mjs": "29b16d74ee72624c915745bbd25b617cfd2248c6af0f5120d131e232a9a9af79",
    "https://esm.sh/whatwg-url@5.0.0?target=denonext": "f001a2cadf81312d214ca330033f474e74d81a003e21e8c5d70a1f46dc97b02d"
  },
  "workspace": {
    "packageJson": {
      "dependencies": [
        "npm:@emotion/react@11.14.0",
        "npm:@emotion/styled@11.14.1",
        "npm:@mui/icons-material@7.3.5",
        "npm:@mui/material@7.3.5",
        "npm:@playwright/test@^1.59.1",
        "npm:@popperjs/core@2.11.8",
        "npm:@radix-ui/react-accordion@1.2.3",
        "npm:@radix-ui/react-alert-dialog@1.1.6",
        "npm:@radix-ui/react-aspect-ratio@1.1.2",
        "npm:@radix-ui/react-avatar@1.1.3",
        "npm:@radix-ui/react-checkbox@1.1.4",
        "npm:@radix-ui/react-collapsible@1.1.3",
        "npm:@radix-ui/react-context-menu@2.2.6",
        "npm:@radix-ui/react-dialog@1.1.6",
        "npm:@radix-ui/react-dropdown-menu@2.1.6",
        "npm:@radix-ui/react-hover-card@1.1.6",
        "npm:@radix-ui/react-label@2.1.2",
        "npm:@radix-ui/react-menubar@1.1.6",
        "npm:@radix-ui/react-navigation-menu@1.2.5",
        "npm:@radix-ui/react-popover@1.1.6",
        "npm:@radix-ui/react-progress@1.1.2",
        "npm:@radix-ui/react-radio-group@1.2.3",
        "npm:@radix-ui/react-scroll-area@1.2.3",
        "npm:@radix-ui/react-select@2.1.6",
        "npm:@radix-ui/react-separator@1.1.2",
        "npm:@radix-ui/react-slider@1.2.3",
        "npm:@radix-ui/react-slot@1.1.2",
        "npm:@radix-ui/react-switch@1.1.3",
        "npm:@radix-ui/react-tabs@1.1.3",
        "npm:@radix-ui/react-toggle-group@1.1.2",
        "npm:@radix-ui/react-toggle@1.1.2",
        "npm:@radix-ui/react-tooltip@1.1.8",
        "npm:@supabase/supabase-js@^2.98.0",
        "npm:@tailwindcss/vite@4.1.12",
        "npm:@testing-library/jest-dom@^6.9.1",
        "npm:@testing-library/react@^16.3.2",
        "npm:@testing-library/user-event@^14.6.1",
        "npm:@types/leaflet@^1.9.21",
        "npm:@vis.gl/react-google-maps@^1.7.1",
        "npm:@vitejs/plugin-react@4.7.0",
        "npm:@vitest/ui@^4.1.2",
        "npm:bcryptjs@^2.4.3",
        "npm:class-variance-authority@0.7.1",
        "npm:clsx@2.1.1",
        "npm:cmdk@1.1.1",
        "npm:date-fns@3.6.0",
        "npm:dotenv@^17.3.1",
        "npm:embla-carousel-react@8.6.0",
        "npm:eslint@^8.56.0",
        "npm:firebase@^12.11.0",
        "npm:input-otp@1.4.2",
        "npm:jsdom@^29.0.1",
        "npm:leaflet-routing-machine@^3.2.12",
        "npm:leaflet.markercluster@^1.5.3",
        "npm:leaflet@^1.9.4",
        "npm:lucide-react@0.487.0",
        "npm:maplibre-gl@^5.19.0",
        "npm:motion@12.23.24",
        "npm:mysql2@^3.19.0",
        "npm:next-themes@0.4.6",
        "npm:pg@^8.20.0",
        "npm:qrcode.react@^4.2.0",
        "npm:react-day-picker@8.10.1",
        "npm:react-dnd-html5-backend@16.0.1",
        "npm:react-dnd@16.0.1",
        "npm:react-hook-form@7.55.0",
        "npm:react-leaflet@^4.2.1",
        "npm:react-popper@2.3.0",
        "npm:react-resizable-panels@2.1.7",
        "npm:react-responsive-masonry@2.7.1",
        "npm:react-router@7.13.0",
        "npm:react-slick@0.31.0",
        "npm:recharts@2.15.2",
        "npm:sonner@2.0.3",
        "npm:supercluster@^8.0.1",
        "npm:tailwind-merge@3.2.0",
        "npm:tailwindcss@4.1.12",
        "npm:tw-animate-css@1.3.8",
        "npm:vaul@1.1.2",
        "npm:vite@6.3.5",
        "npm:vitest@^4.1.2"
      ]
    }
  }
}
